// !$*UTF8*$!
{
	archiveVersion = 1;
	classes = {
	};
	objectVersion = 46;
	objects = {

/* Begin PBXBuildFile section */
		F010DBF61DF69BA500C8B0E5 /* AppDelegate.swift in Sources */ = {isa = PBXBuildFile; fileRef = F010DBF51DF69BA500C8B0E5 /* AppDelegate.swift */; };
		F010DBFB1DF69BA500C8B0E5 /* Main.storyboard in Resources */ = {isa = PBXBuildFile; fileRef = F010DBF91DF69BA500C8B0E5 /* Main.storyboard */; };
		F010DBFD1DF69BA500C8B0E5 /* Assets.xcassets in Resources */ = {isa = PBXBuildFile; fileRef = F010DBFC1DF69BA500C8B0E5 /* Assets.xcassets */; };
		F010DC001DF69BA500C8B0E5 /* LaunchScreen.storyboard in Resources */ = {isa = PBXBuildFile; fileRef = F010DBFE1DF69BA500C8B0E5 /* LaunchScreen.storyboard */; };
		F010DC0B1DF69BA500C8B0E5 /* Virtual_TouristTests.swift in Sources */ = {isa = PBXBuildFile; fileRef = F010DC0A1DF69BA500C8B0E5 /* Virtual_TouristTests.swift */; };
		F010DC161DF69BA500C8B0E5 /* Virtual_TouristUITests.swift in Sources */ = {isa = PBXBuildFile; fileRef = F010DC151DF69BA500C8B0E5 /* Virtual_TouristUITests.swift */; };
		F010DC251DF848D700C8B0E5 /* Model.xcdatamodeld in Sources */ = {isa = PBXBuildFile; fileRef = F010DC231DF848D700C8B0E5 /* Model.xcdatamodeld */; };
		F010DC271DFBC58700C8B0E5 /* CoreDataStack.swift in Sources */ = {isa = PBXBuildFile; fileRef = F010DC261DFBC58700C8B0E5 /* CoreDataStack.swift */; };
		F010DC2C1DFBC65D00C8B0E5 /* Photo+CoreDataClass.swift in Sources */ = {isa = PBXBuildFile; fileRef = F010DC281DFBC65D00C8B0E5 /* Photo+CoreDataClass.swift */; };
		F010DC2D1DFBC65D00C8B0E5 /* Photo+CoreDataProperties.swift in Sources */ = {isa = PBXBuildFile; fileRef = F010DC291DFBC65D00C8B0E5 /* Photo+CoreDataProperties.swift */; };
		F010DC2E1DFBC65D00C8B0E5 /* Pin+CoreDataClass.swift in Sources */ = {isa = PBXBuildFile; fileRef = F010DC2A1DFBC65D00C8B0E5 /* Pin+CoreDataClass.swift */; };
		F010DC2F1DFBC65D00C8B0E5 /* Pin+CoreDataProperties.swift in Sources */ = {isa = PBXBuildFile; fileRef = F010DC2B1DFBC65D00C8B0E5 /* Pin+CoreDataProperties.swift */; };
/* End PBXBuildFile section */

/* Begin PBXContainerItemProxy section */
		F010DC071DF69BA500C8B0E5 /* PBXContainerItemProxy */ = {
			isa = PBXContainerItemProxy;
			containerPortal = F010DBEA1DF69BA500C8B0E5 /* Project object */;
			proxyType = 1;
			remoteGlobalIDString = F010DBF11DF69BA500C8B0E5;
			remoteInfo = "Virtual Tourist";
		};
		F010DC121DF69BA500C8B0E5 /* PBXContainerItemProxy */ = {
			isa = PBXContainerItemProxy;
			containerPortal = F010DBEA1DF69BA500C8B0E5 /* Project object */;
			proxyType = 1;
			remoteGlobalIDString = F010DBF11DF69BA500C8B0E5;
			remoteInfo = "Virtual Tourist";
		};
/* End PBXContainerItemProxy section */

/* Begin PBXFileReference section */
		F010DBF21DF69BA500C8B0E5 /* Virtual Tourist.app */ = {isa = PBXFileReference; explicitFileType = wrapper.application; includeInIndex = 0; path = "Virtual Tourist.app"; sourceTree = BUILT_PRODUCTS_DIR; };
		F010DBF51DF69BA500C8B0E5 /* AppDelegate.swift */ = {isa = PBXFileReference; lastKnownFileType = sourcecode.swift; path = AppDelegate.swift; sourceTree = "<group>"; };
		F010DBFA1DF69BA500C8B0E5 /* Base */ = {isa = PBXFileReference; lastKnownFileType = file.storyboard; name = Base; path = Base.lproj/Main.storyboard; sourceTree = "<group>"; };
		F010DBFC1DF69BA500C8B0E5 /* Assets.xcassets */ = {isa = PBXFileReference; lastKnownFileType = folder.assetcatalog; path = Assets.xcassets; sourceTree = "<group>"; };
		F010DBFF1DF69BA500C8B0E5 /* Base */ = {isa = PBXFileReference; lastKnownFileType = file.storyboard; name = Base; path = Base.lproj/LaunchScreen.storyboard; sourceTree = "<group>"; };
		F010DC011DF69BA500C8B0E5 /* Info.plist */ = {isa = PBXFileReference; lastKnownFileType = text.plist.xml; path = Info.plist; sourceTree = "<group>"; };
		F010DC061DF69BA500C8B0E5 /* Virtual TouristTests.xctest */ = {isa = PBXFileReference; explicitFileType = wrapper.cfbundle; includeInIndex = 0; path = "Virtual TouristTests.xctest"; sourceTree = BUILT_PRODUCTS_DIR; };
		F010DC0A1DF69BA500C8B0E5 /* Virtual_TouristTests.swift */ = {isa = PBXFileReference; lastKnownFileType = sourcecode.swift; path = Virtual_TouristTests.swift; sourceTree = "<group>"; };
		F010DC0C1DF69BA500C8B0E5 /* Info.plist */ = {isa = PBXFileReference; lastKnownFileType = text.plist.xml; path = Info.plist; sourceTree = "<group>"; };
		F010DC111DF69BA500C8B0E5 /* Virtual TouristUITests.xctest */ = {isa = PBXFileReference; explicitFileType = wrapper.cfbundle; includeInIndex = 0; path = "Virtual TouristUITests.xctest"; sourceTree = BUILT_PRODUCTS_DIR; };
		F010DC151DF69BA500C8B0E5 /* Virtual_TouristUITests.swift */ = {isa = PBXFileReference; lastKnownFileType = sourcecode.swift; path = Virtual_TouristUITests.swift; sourceTree = "<group>"; };
		F010DC171DF69BA500C8B0E5 /* Info.plist */ = {isa = PBXFileReference; lastKnownFileType = text.plist.xml; path = Info.plist; sourceTree = "<group>"; };
		F010DC241DF848D700C8B0E5 /* Model.xcdatamodel */ = {isa = PBXFileReference; lastKnownFileType = wrapper.xcdatamodel; path = Model.xcdatamodel; sourceTree = "<group>"; };
		F010DC261DFBC58700C8B0E5 /* CoreDataStack.swift */ = {isa = PBXFileReference; fileEncoding = 4; lastKnownFileType = sourcecode.swift; path = CoreDataStack.swift; sourceTree = "<group>"; };
		F010DC281DFBC65D00C8B0E5 /* Photo+CoreDataClass.swift */ = {isa = PBXFileReference; fileEncoding = 4; lastKnownFileType = sourcecode.swift; name = "Photo+CoreDataClass.swift"; path = "../Photo+CoreDataClass.swift"; sourceTree = "<group>"; };
		F010DC291DFBC65D00C8B0E5 /* Photo+CoreDataProperties.swift */ = {isa = PBXFileReference; fileEncoding = 4; lastKnownFileType = sourcecode.swift; name = "Photo+CoreDataProperties.swift"; path = "../Photo+CoreDataProperties.swift"; sourceTree = "<group>"; };
		F010DC2A1DFBC65D00C8B0E5 /* Pin+CoreDataClass.swift */ = {isa = PBXFileReference; fileEncoding = 4; lastKnownFileType = sourcecode.swift; name = "Pin+CoreDataClass.swift"; path = "../Pin+CoreDataClass.swift"; sourceTree = "<group>"; };
		F010DC2B1DFBC65D00C8B0E5 /* Pin+CoreDataProperties.swift */ = {isa = PBXFileReference; fileEncoding = 4; lastKnownFileType = sourcecode.swift; name = "Pin+CoreDataProperties.swift"; path = "../Pin+CoreDataProperties.swift"; sourceTree = "<group>"; };
/* End PBXFileReference section */

/* Begin PBXFrameworksBuildPhase section */
		F010DBEF1DF69BA500C8B0E5 /* Frameworks */ = {
			isa = PBXFrameworksBuildPhase;
			buildActionMask = 2147483647;
			files = (
			);
			runOnlyForDeploymentPostprocessing = 0;
		};
		F010DC031DF69BA500C8B0E5 /* Frameworks */ = {
			isa = PBXFrameworksBuildPhase;
			buildActionMask = 2147483647;
			files = (
			);
			runOnlyForDeploymentPostprocessing = 0;
		};
		F010DC0E1DF69BA500C8B0E5 /* Frameworks */ = {
			isa = PBXFrameworksBuildPhase;
			buildActionMask = 2147483647;
			files = (
			);
			runOnlyForDeploymentPostprocessing = 0;
		};
/* End PBXFrameworksBuildPhase section */

/* Begin PBXGroup section */
		F010DBE91DF69BA500C8B0E5 = {
			isa = PBXGroup;
			children = (
				F010DBF41DF69BA500C8B0E5 /* Virtual Tourist */,
				F010DC091DF69BA500C8B0E5 /* Virtual TouristTests */,
				F010DC141DF69BA500C8B0E5 /* Virtual TouristUITests */,
				F010DBF31DF69BA500C8B0E5 /* Products */,
			);
			sourceTree = "<group>";
		};
		F010DBF31DF69BA500C8B0E5 /* Products */ = {
			isa = PBXGroup;
			children = (
				F010DBF21DF69BA500C8B0E5 /* Virtual Tourist.app */,
				F010DC061DF69BA500C8B0E5 /* Virtual TouristTests.xctest */,
				F010DC111DF69BA500C8B0E5 /* Virtual TouristUITests.xctest */,
			);
			name = Products;
			sourceTree = "<group>";
		};
		F010DBF41DF69BA500C8B0E5 /* Virtual Tourist */ = {
			isa = PBXGroup;
			children = (
				F010DC301DFBCAA800C8B0E5 /* Model */,
				F010DBF51DF69BA500C8B0E5 /* AppDelegate.swift */,
				F010DBF91DF69BA500C8B0E5 /* Main.storyboard */,
				F010DBFC1DF69BA500C8B0E5 /* Assets.xcassets */,
				F010DBFE1DF69BA500C8B0E5 /* LaunchScreen.storyboard */,
				F010DC011DF69BA500C8B0E5 /* Info.plist */,
			);
			path = "Virtual Tourist";
			sourceTree = "<group>";
		};
		F010DC091DF69BA500C8B0E5 /* Virtual TouristTests */ = {
			isa = PBXGroup;
			children = (
				F010DC0A1DF69BA500C8B0E5 /* Virtual_TouristTests.swift */,
				F010DC0C1DF69BA500C8B0E5 /* Info.plist */,
			);
			path = "Virtual TouristTests";
			sourceTree = "<group>";
		};
		F010DC141DF69BA500C8B0E5 /* Virtual TouristUITests */ = {
			isa = PBXGroup;
			children = (
				F010DC151DF69BA500C8B0E5 /* Virtual_TouristUITests.swift */,
				F010DC171DF69BA500C8B0E5 /* Info.plist */,
			);
			path = "Virtual TouristUITests";
			sourceTree = "<group>";
		};
		F010DC301DFBCAA800C8B0E5 /* Model */ = {
			isa = PBXGroup;
			children = (
				F010DC261DFBC58700C8B0E5 /* CoreDataStack.swift */,
				F010DC231DF848D700C8B0E5 /* Model.xcdatamodeld */,
				F010DC281DFBC65D00C8B0E5 /* Photo+CoreDataClass.swift */,
				F010DC291DFBC65D00C8B0E5 /* Photo+CoreDataProperties.swift */,
				F010DC2A1DFBC65D00C8B0E5 /* Pin+CoreDataClass.swift */,
				F010DC2B1DFBC65D00C8B0E5 /* Pin+CoreDataProperties.swift */,
			);
			name = Model;
			sourceTree = "<group>";
		};
/* End PBXGroup section */

/* Begin PBXNativeTarget section */
		F010DBF11DF69BA500C8B0E5 /* Virtual Tourist */ = {
			isa = PBXNativeTarget;
			buildConfigurationList = F010DC1A1DF69BA500C8B0E5 /* Build configuration list for PBXNativeTarget "Virtual Tourist" */;
			buildPhases = (
				F010DBEE1DF69BA500C8B0E5 /* Sources */,
				F010DBEF1DF69BA500C8B0E5 /* Frameworks */,
				F010DBF01DF69BA500C8B0E5 /* Resources */,
			);
			buildRules = (
			);
			dependencies = (
			);
			name = "Virtual Tourist";
			productName = "Virtual Tourist";
			productReference = F010DBF21DF69BA500C8B0E5 /* Virtual Tourist.app */;
			productType = "com.apple.product-type.application";
		};
		F010DC051DF69BA500C8B0E5 /* Virtual TouristTests */ = {
			isa = PBXNativeTarget;
			buildConfigurationList = F010DC1D1DF69BA500C8B0E5 /* Build configuration list for PBXNativeTarget "Virtual TouristTests" */;
			buildPhases = (
				F010DC021DF69BA500C8B0E5 /* Sources */,
				F010DC031DF69BA500C8B0E5 /* Frameworks */,
				F010DC041DF69BA500C8B0E5 /* Resources */,
			);
			buildRules = (
			);
			dependencies = (
				F010DC081DF69BA500C8B0E5 /* PBXTargetDependency */,
			);
			name = "Virtual TouristTests";
			productName = "Virtual TouristTests";
			productReference = F010DC061DF69BA500C8B0E5 /* Virtual TouristTests.xctest */;
			productType = "com.apple.product-type.bundle.unit-test";
		};
		F010DC101DF69BA500C8B0E5 /* Virtual TouristUITests */ = {
			isa = PBXNativeTarget;
			buildConfigurationList = F010DC201DF69BA500C8B0E5 /* Build configuration list for PBXNativeTarget "Virtual TouristUITests" */;
			buildPhases = (
				F010DC0D1DF69BA500C8B0E5 /* Sources */,
				F010DC0E1DF69BA500C8B0E5 /* Frameworks */,
				F010DC0F1DF69BA500C8B0E5 /* Resources */,
			);
			buildRules = (
			);
			dependencies = (
				F010DC131DF69BA500C8B0E5 /* PBXTargetDependency */,
			);
			name = "Virtual TouristUITests";
			productName = "Virtual TouristUITests";
			productReference = F010DC111DF69BA500C8B0E5 /* Virtual TouristUITests.xctest */;
			productType = "com.apple.product-type.bundle.ui-testing";
		};
/* End PBXNativeTarget section */

/* Begin PBXProject section */
		F010DBEA1DF69BA500C8B0E5 /* Project object */ = {
			isa = PBXProject;
			attributes = {
				LastSwiftUpdateCheck = 0800;
				LastUpgradeCheck = 0800;
				ORGANIZATIONNAME = "Phillip Crawford";
				TargetAttributes = {
					F010DBF11DF69BA500C8B0E5 = {
						CreatedOnToolsVersion = 8.0;
						ProvisioningStyle = Automatic;
					};
					F010DC051DF69BA500C8B0E5 = {
						CreatedOnToolsVersion = 8.0;
						ProvisioningStyle = Automatic;
						TestTargetID = F010DBF11DF69BA500C8B0E5;
					};
					F010DC101DF69BA500C8B0E5 = {
						CreatedOnToolsVersion = 8.0;
						ProvisioningStyle = Automatic;
						TestTargetID = F010DBF11DF69BA500C8B0E5;
					};
				};
			};
			buildConfigurationList = F010DBED1DF69BA500C8B0E5 /* Build configuration list for PBXProject "Virtual Tourist" */;
			compatibilityVersion = "Xcode 3.2";
			developmentRegion = English;
			hasScannedForEncodings = 0;
			knownRegions = (
				en,
				Base,
			);
			mainGroup = F010DBE91DF69BA500C8B0E5;
			productRefGroup = F010DBF31DF69BA500C8B0E5 /* Products */;
			projectDirPath = "";
			projectRoot = "";
			targets = (
				F010DBF11DF69BA500C8B0E5 /* Virtual Tourist */,
				F010DC051DF69BA500C8B0E5 /* Virtual TouristTests */,
				F010DC101DF69BA500C8B0E5 /* Virtual TouristUITests */,
			);
		};
/* End PBXProject section */

/* Begin PBXResourcesBuildPhase section */
		F010DBF01DF69BA500C8B0E5 /* Resources */ = {
			isa = PBXResourcesBuildPhase;
			buildActionMask = 2147483647;
			files = (
				F010DC001DF69BA500C8B0E5 /* LaunchScreen.storyboard in Resources */,
				F010DBFD1DF69BA500C8B0E5 /* Assets.xcassets in Resources */,
				F010DBFB1DF69BA500C8B0E5 /* Main.storyboard in Resources */,
			);
			runOnlyForDeploymentPostprocessing = 0;
		};
		F010DC041DF69BA500C8B0E5 /* Resources */ = {
			isa = PBXResourcesBuildPhase;
			buildActionMask = 2147483647;
			files = (
			);
			runOnlyForDeploymentPostprocessing = 0;
		};
		F010DC0F1DF69BA500C8B0E5 /* Resources */ = {
			isa = PBXResourcesBuildPhase;
			buildActionMask = 2147483647;
			files = (
			);
			runOnlyForDeploymentPostprocessing = 0;
		};
/* End PBXResourcesBuildPhase section */

/* Begin PBXSourcesBuildPhase section */
		F010DBEE1DF69BA500C8B0E5 /* Sources */ = {
			isa = PBXSourcesBuildPhase;
			buildActionMask = 2147483647;
			files = (
				F010DC2D1DFBC65D00C8B0E5 /* Photo+CoreDataProperties.swift in Sources */,
				F010DC2F1DFBC65D00C8B0E5 /* Pin+CoreDataProperties.swift in Sources */,
				F010DC2C1DFBC65D00C8B0E5 /* Photo+CoreDataClass.swift in Sources */,
				F010DC2E1DFBC65D00C8B0E5 /* Pin+CoreDataClass.swift in Sources */,
				F010DBF61DF69BA500C8B0E5 /* AppDelegate.swift in Sources */,
				F010DC251DF848D700C8B0E5 /* Model.xcdatamodeld in Sources */,
				F010DC271DFBC58700C8B0E5 /* CoreDataStack.swift in Sources */,
			);
			runOnlyForDeploymentPostprocessing = 0;
		};
		F010DC021DF69BA500C8B0E5 /* Sources */ = {
			isa = PBXSourcesBuildPhase;
			buildActionMask = 2147483647;
			files = (
				F010DC0B1DF69BA500C8B0E5 /* Virtual_TouristTests.swift in Sources */,
			);
			runOnlyForDeploymentPostprocessing = 0;
		};
		F010DC0D1DF69BA500C8B0E5 /* Sources */ = {
			isa = PBXSourcesBuildPhase;
			buildActionMask = 2147483647;
			files = (
				F010DC161DF69BA500C8B0E5 /* Virtual_TouristUITests.swift in Sources */,
			);
			runOnlyForDeploymentPostprocessing = 0;
		};
/* End PBXSourcesBuildPhase section */

/* Begin PBXTargetDependency section */
		F010DC081DF69BA500C8B0E5 /* PBXTargetDependency */ = {
			isa = PBXTargetDependency;
			target = F010DBF11DF69BA500C8B0E5 /* Virtual Tourist */;
			targetProxy = F010DC071DF69BA500C8B0E5 /* PBXContainerItemProxy */;
		};
		F010DC131DF69BA500C8B0E5 /* PBXTargetDependency */ = {
			isa = PBXTargetDependency;
			target = F010DBF11DF69BA500C8B0E5 /* Virtual Tourist */;
			targetProxy = F010DC121DF69BA500C8B0E5 /* PBXContainerItemProxy */;
		};
/* End PBXTargetDependency section */

/* Begin PBXVariantGroup section */
		F010DBF91DF69BA500C8B0E5 /* Main.storyboard */ = {
			isa = PBXVariantGroup;
			children = (
				F010DBFA1DF69BA500C8B0E5 /* Base */,
			);
			name = Main.storyboard;
			sourceTree = "<group>";
		};
		F010DBFE1DF69BA500C8B0E5 /* LaunchScreen.storyboard */ = {
			isa = PBXVariantGroup;
			children = (
				F010DBFF1DF69BA500C8B0E5 /* Base */,
			);
			name = LaunchScreen.storyboard;
			sourceTree = "<group>";
		};
/* End PBXVariantGroup section */

/* Begin XCBuildConfiguration section */
		F010DC181DF69BA500C8B0E5 /* Debug */ = {
			isa = XCBuildConfiguration;
			buildSettings = {
				ALWAYS_SEARCH_USER_PATHS = NO;
				CLANG_ANALYZER_NONNULL = YES;
				CLANG_CXX_LANGUAGE_STANDARD = "gnu++0x";
				CLANG_CXX_LIBRARY = "libc++";
				CLANG_ENABLE_MODULES = YES;
				CLANG_ENABLE_OBJC_ARC = YES;
				CLANG_WARN_BOOL_CONVERSION = YES;
				CLANG_WARN_CONSTANT_CONVERSION = YES;
				CLANG_WARN_DIRECT_OBJC_ISA_USAGE = YES_ERROR;
				CLANG_WARN_DOCUMENTATION_COMMENTS = YES;
				CLANG_WARN_EMPTY_BODY = YES;
				CLANG_WARN_ENUM_CONVERSION = YES;
				CLANG_WARN_INFINITE_RECURSION = YES;
				CLANG_WARN_INT_CONVERSION = YES;
				CLANG_WARN_OBJC_ROOT_CLASS = YES_ERROR;
				CLANG_WARN_SUSPICIOUS_MOVES = YES;
				CLANG_WARN_UNREACHABLE_CODE = YES;
				CLANG_WARN__DUPLICATE_METHOD_MATCH = YES;
				"CODE_SIGN_IDENTITY[sdk=iphoneos*]" = "iPhone Developer";
				COPY_PHASE_STRIP = NO;
				DEBUG_INFORMATION_FORMAT = dwarf;
				ENABLE_STRICT_OBJC_MSGSEND = YES;
				ENABLE_TESTABILITY = YES;
				GCC_C_LANGUAGE_STANDARD = gnu99;
				GCC_DYNAMIC_NO_PIC = NO;
				GCC_NO_COMMON_BLOCKS = YES;
				GCC_OPTIMIZATION_LEVEL = 0;
				GCC_PREPROCESSOR_DEFINITIONS = (
					"DEBUG=1",
					"$(inherited)",
				);
				GCC_WARN_64_TO_32_BIT_CONVERSION = YES;
				GCC_WARN_ABOUT_RETURN_TYPE = YES_ERROR;
				GCC_WARN_UNDECLARED_SELECTOR = YES;
				GCC_WARN_UNINITIALIZED_AUTOS = YES_AGGRESSIVE;
				GCC_WARN_UNUSED_FUNCTION = YES;
				GCC_WARN_UNUSED_VARIABLE = YES;
				IPHONEOS_DEPLOYMENT_TARGET = 10.0;
				MTL_ENABLE_DEBUG_INFO = YES;
				ONLY_ACTIVE_ARCH = YES;
				SDKROOT = iphoneos;
				SWIFT_ACTIVE_COMPILATION_CONDITIONS = DEBUG;
				SWIFT_OPTIMIZATION_LEVEL = "-Onone";
			};
			name = Debug;
		};
		F010DC191DF69BA500C8B0E5 /* Release */ = {
			isa = XCBuildConfiguration;
			buildSettings = {
				ALWAYS_SEARCH_USER_PATHS = NO;
				CLANG_ANALYZER_NONNULL = YES;
				CLANG_CXX_LANGUAGE_STANDARD = "gnu++0x";
				CLANG_CXX_LIBRARY = "libc++";
				CLANG_ENABLE_MODULES = YES;
				CLANG_ENABLE_OBJC_ARC = YES;
				CLANG_WARN_BOOL_CONVERSION = YES;
				CLANG_WARN_CONSTANT_CONVERSION = YES;
				CLANG_WARN_DIRECT_OBJC_ISA_USAGE = YES_ERROR;
				CLANG_WARN_DOCUMENTATION_COMMENTS = YES;
				CLANG_WARN_EMPTY_BODY = YES;
				CLANG_WARN_ENUM_CONVERSION = YES;
				CLANG_WARN_INFINITE_RECURSION = YES;
				CLANG_WARN_INT_CONVERSION = YES;
				CLANG_WARN_OBJC_ROOT_CLASS = YES_ERROR;
				CLANG_WARN_SUSPICIOUS_MOVES = YES;
				CLANG_WARN_UNREACHABLE_CODE = YES;
				CLANG_WARN__DUPLICATE_METHOD_MATCH = YES;
				"CODE_SIGN_IDENTITY[sdk=iphoneos*]" = "iPhone Developer";
				COPY_PHASE_STRIP = NO;
				DEBUG_INFORMATION_FORMAT = "dwarf-with-dsym";
				ENABLE_NS_ASSERTIONS = NO;
				ENABLE_STRICT_OBJC_MSGSEND = YES;
				GCC_C_LANGUAGE_STANDARD = gnu99;
				GCC_NO_COMMON_BLOCKS = YES;
				GCC_WARN_64_TO_32_BIT_CONVERSION = YES;
				GCC_WARN_ABOUT_RETURN_TYPE = YES_ERROR;
				GCC_WARN_UNDECLARED_SELECTOR = YES;
				GCC_WARN_UNINITIALIZED_AUTOS = YES_AGGRESSIVE;
				GCC_WARN_UNUSED_FUNCTION = YES;
				GCC_WARN_UNUSED_VARIABLE = YES;
				IPHONEOS_DEPLOYMENT_TARGET = 10.0;
				MTL_ENABLE_DEBUG_INFO = NO;
				SDKROOT = iphoneos;
				SWIFT_OPTIMIZATION_LEVEL = "-Owholemodule";
				VALIDATE_PRODUCT = YES;
			};
			name = Release;
		};
		F010DC1B1DF69BA500C8B0E5 /* Debug */ = {
			isa = XCBuildConfiguration;
			buildSettings = {
				ASSETCATALOG_COMPILER_APPICON_NAME = AppIcon;
				INFOPLIST_FILE = "Virtual Tourist/Info.plist";
				LD_RUNPATH_SEARCH_PATHS = "$(inherited) @executable_path/Frameworks";
				PRODUCT_BUNDLE_IDENTIFIER = "com.Phillip-Crawford.Virtual-Tourist";
				PRODUCT_NAME = "$(TARGET_NAME)";
				SWIFT_VERSION = 3.0;
			};
			name = Debug;
		};
		F010DC1C1DF69BA500C8B0E5 /* Release */ = {
			isa = XCBuildConfiguration;
			buildSettings = {
				ASSETCATALOG_COMPILER_APPICON_NAME = AppIcon;
				INFOPLIST_FILE = "Virtual Tourist/Info.plist";
				LD_RUNPATH_SEARCH_PATHS = "$(inherited) @executable_path/Frameworks";
				PRODUCT_BUNDLE_IDENTIFIER = "com.Phillip-Crawford.Virtual-Tourist";
				PRODUCT_NAME = "$(TARGET_NAME)";
				SWIFT_VERSION = 3.0;
			};
			name = Release;
		};
		F010DC1E1DF69BA500C8B0E5 /* Debug */ = {
			isa = XCBuildConfiguration;
			buildSettings = {
				ALWAYS_EMBED_SWIFT_STANDARD_LIBRARIES = YES;
				BUNDLE_LOADER = "$(TEST_HOST)";
				INFOPLIST_FILE = "Virtual TouristTests/Info.plist";
				LD_RUNPATH_SEARCH_PATHS = "$(inherited) @executable_path/Frameworks @loader_path/Frameworks";
				PRODUCT_BUNDLE_IDENTIFIER = "com.Phillip-Crawford.Virtual-TouristTests";
				PRODUCT_NAME = "$(TARGET_NAME)";
				SWIFT_VERSION = 3.0;
				TEST_HOST = "$(BUILT_PRODUCTS_DIR)/Virtual Tourist.app/Virtual Tourist";
			};
			name = Debug;
		};
		F010DC1F1DF69BA500C8B0E5 /* Release */ = {
			isa = XCBuildConfiguration;
			buildSettings = {
				ALWAYS_EMBED_SWIFT_STANDARD_LIBRARIES = YES;
				BUNDLE_LOADER = "$(TEST_HOST)";
				INFOPLIST_FILE = "Virtual TouristTests/Info.plist";
				LD_RUNPATH_SEARCH_PATHS = "$(inherited) @executable_path/Frameworks @loader_path/Frameworks";
				PRODUCT_BUNDLE_IDENTIFIER = "com.Phillip-Crawford.Virtual-TouristTests";
				PRODUCT_NAME = "$(TARGET_NAME)";
				SWIFT_VERSION = 3.0;
				TEST_HOST = "$(BUILT_PRODUCTS_DIR)/Virtual Tourist.app/Virtual Tourist";
			};
			name = Release;
		};
		F010DC211DF69BA500C8B0E5 /* Debug */ = {
			isa = XCBuildConfiguration;
			buildSettings = {
				ALWAYS_EMBED_SWIFT_STANDARD_LIBRARIES = YES;
				INFOPLIST_FILE = "Virtual TouristUITests/Info.plist";
				LD_RUNPATH_SEARCH_PATHS = "$(inherited) @executable_path/Frameworks @loader_path/Frameworks";
				PRODUCT_BUNDLE_IDENTIFIER = "com.Phillip-Crawford.Virtual-TouristUITests";
				PRODUCT_NAME = "$(TARGET_NAME)";
				SWIFT_VERSION = 3.0;
				TEST_TARGET_NAME = "Virtual Tourist";
			};
			name = Debug;
		};
		F010DC221DF69BA500C8B0E5 /* Release */ = {
			isa = XCBuildConfiguration;
			buildSettings = {
				ALWAYS_EMBED_SWIFT_STANDARD_LIBRARIES = YES;
				INFOPLIST_FILE = "Virtual TouristUITests/Info.plist";
				LD_RUNPATH_SEARCH_PATHS = "$(inherited) @executable_path/Frameworks @loader_path/Frameworks";
				PRODUCT_BUNDLE_IDENTIFIER = "com.Phillip-Crawford.Virtual-TouristUITests";
				PRODUCT_NAME = "$(TARGET_NAME)";
				SWIFT_VERSION = 3.0;
				TEST_TARGET_NAME = "Virtual Tourist";
			};
			name = Release;
		};
/* End XCBuildConfiguration section */

/* Begin XCConfigurationList section */
		F010DBED1DF69BA500C8B0E5 /* Build configuration list for PBXProject "Virtual Tourist" */ = {
			isa = XCConfigurationList;
			buildConfigurations = (
				F010DC181DF69BA500C8B0E5 /* Debug */,
				F010DC191DF69BA500C8B0E5 /* Release */,
			);
			defaultConfigurationIsVisible = 0;
			defaultConfigurationName = Release;
		};
		F010DC1A1DF69BA500C8B0E5 /* Build configuration list for PBXNativeTarget "Virtual Tourist" */ = {
			isa = XCConfigurationList;
			buildConfigurations = (
				F010DC1B1DF69BA500C8B0E5 /* Debug */,
				F010DC1C1DF69BA500C8B0E5 /* Release */,
			);
			defaultConfigurationIsVisible = 0;
		};
		F010DC1D1DF69BA500C8B0E5 /* Build configuration list for PBXNativeTarget "Virtual TouristTests" */ = {
			isa = XCConfigurationList;
			buildConfigurations = (
				F010DC1E1DF69BA500C8B0E5 /* Debug */,
				F010DC1F1DF69BA500C8B0E5 /* Release */,
			);
			defaultConfigurationIsVisible = 0;
		};
		F010DC201DF69BA500C8B0E5 /* Build configuration list for PBXNativeTarget "Virtual TouristUITests" */ = {
			isa = XCConfigurationList;
			buildConfigurations = (
				F010DC211DF69BA500C8B0E5 /* Debug */,
				F010DC221DF69BA500C8B0E5 /* Release */,
			);
			defaultConfigurationIsVisible = 0;
		};
/* End XCConfigurationList section */

/* Begin XCVersionGroup section */
		F010DC231DF848D700C8B0E5 /* Model.xcdatamodeld */ = {
			isa = XCVersionGroup;
			children = (
				F010DC241DF848D700C8B0E5 /* Model.xcdatamodel */,
			);
			currentVersion = F010DC241DF848D700C8B0E5 /* Model.xcdatamodel */;
			path = Model.xcdatamodeld;
			sourceTree = "<group>";
			versionGroupType = wrapper.xcdatamodel;
		};
/* End XCVersionGroup section */
	};
	rootObject = F010DBEA1DF69BA500C8B0E5 /* Project object */;
}
